// !$*UTF8*$!
{
	archiveVersion = 1;
	classes = {
	};
	objectVersion = 46;
	objects = {

/* Begin PBXBuildFile section */
		4B6D13C3B342BDE17A2DD4FA /* libPods.a in Frameworks */ = {isa = PBXBuildFile; fileRef = 4E21763144CCC77BE8BE9374 /* libPods.a */; };
		51BCF22C7F66F152C75886FC /* libPods.a in Frameworks */ = {isa = PBXBuildFile; fileRef = 4E21763144CCC77BE8BE9374 /* libPods.a */; };
		FB01DEC71BE4070000E240E7 /* ECBToolkit.h in Headers */ = {isa = PBXBuildFile; fileRef = FB01DEC61BE4070000E240E7 /* ECBToolkit.h */; settings = {ATTRIBUTES = (Public, ); }; };
		FB01DECE1BE4070000E240E7 /* ECBToolkit.framework in Frameworks */ = {isa = PBXBuildFile; fileRef = FB01DEC31BE4070000E240E7 /* ECBToolkit.framework */; };
		FB01DEDF1BE407E800E240E7 /* ECBConstants.h in Headers */ = {isa = PBXBuildFile; fileRef = FB01DEDD1BE407E800E240E7 /* ECBConstants.h */; };
		FB01DEE01BE407E800E240E7 /* ECBConstants.m in Sources */ = {isa = PBXBuildFile; fileRef = FB01DEDE1BE407E800E240E7 /* ECBConstants.m */; };
		FB1CFC401BE55CC400792976 /* ECBLogger.h in Headers */ = {isa = PBXBuildFile; fileRef = FB1CFC3E1BE55CC400792976 /* ECBLogger.h */; };
		FB1CFC411BE55CC400792976 /* ECBLogger.m in Sources */ = {isa = PBXBuildFile; fileRef = FB1CFC3F1BE55CC400792976 /* ECBLogger.m */; };
		FB1CFC461BE5AB0900792976 /* ECBApplication.h in Headers */ = {isa = PBXBuildFile; fileRef = FB1CFC441BE5AB0900792976 /* ECBApplication.h */; };
		FB1CFC471BE5AB0900792976 /* ECBApplication.m in Sources */ = {isa = PBXBuildFile; fileRef = FB1CFC451BE5AB0900792976 /* ECBApplication.m */; };
		FB1CFC4C1BE6740E00792976 /* ECBAssert.h in Headers */ = {isa = PBXBuildFile; fileRef = FB1CFC4B1BE6740E00792976 /* ECBAssert.h */; };
		FB1CFC4F1BE6787A00792976 /* ECBHTTPURLRequestConstructor.h in Headers */ = {isa = PBXBuildFile; fileRef = FB1CFC4D1BE6787A00792976 /* ECBHTTPURLRequestConstructor.h */; };
		FB1CFC501BE6787A00792976 /* ECBHTTPURLRequestConstructor.m in Sources */ = {isa = PBXBuildFile; fileRef = FB1CFC4E1BE6787A00792976 /* ECBHTTPURLRequestConstructor.m */; };
		FB1CFC581BE67FAD00792976 /* ECBSession.h in Headers */ = {isa = PBXBuildFile; fileRef = FB1CFC561BE67FAD00792976 /* ECBSession.h */; };
		FB1CFC591BE67FAD00792976 /* ECBSession.m in Sources */ = {isa = PBXBuildFile; fileRef = FB1CFC571BE67FAD00792976 /* ECBSession.m */; };
		FB1CFC611BE69D5200792976 /* ECBUtils.h in Headers */ = {isa = PBXBuildFile; fileRef = FB1CFC5F1BE69D5200792976 /* ECBUtils.h */; };
		FB1CFC621BE69D5200792976 /* ECBUtils.m in Sources */ = {isa = PBXBuildFile; fileRef = FB1CFC601BE69D5200792976 /* ECBUtils.m */; };
		FB1CFC6B1BE6FD3D00792976 /* ECBWebClient.h in Headers */ = {isa = PBXBuildFile; fileRef = FB1CFC691BE6FD3D00792976 /* ECBWebClient.h */; };
		FB1CFC6C1BE6FD3D00792976 /* ECBWebClient.m in Sources */ = {isa = PBXBuildFile; fileRef = FB1CFC6A1BE6FD3D00792976 /* ECBWebClient.m */; };
		FBBEE8671BEA63C500C26D75 /* ECBTestCase.m in Sources */ = {isa = PBXBuildFile; fileRef = FBBEE8631BEA63C500C26D75 /* ECBTestCase.m */; };
		FBBEE8681BEA63C500C26D75 /* ECBUserTests.m in Sources */ = {isa = PBXBuildFile; fileRef = FBBEE8651BEA63C500C26D75 /* ECBUserTests.m */; };
		FBBEE8691BEA63C500C26D75 /* ECBWebClientTests.m in Sources */ = {isa = PBXBuildFile; fileRef = FBBEE8661BEA63C500C26D75 /* ECBWebClientTests.m */; };
		FBBEE8701BEA63E600C26D75 /* ECBObject.h in Headers */ = {isa = PBXBuildFile; fileRef = FBBEE86B1BEA63E600C26D75 /* ECBObject.h */; };
		FBBEE8711BEA63E600C26D75 /* ECBObject.m in Sources */ = {isa = PBXBuildFile; fileRef = FBBEE86C1BEA63E600C26D75 /* ECBObject.m */; };
		FBBEE8721BEA63E600C26D75 /* ECBObjectProtocol.h in Headers */ = {isa = PBXBuildFile; fileRef = FBBEE86D1BEA63E600C26D75 /* ECBObjectProtocol.h */; };
		FBBEE8731BEA63E600C26D75 /* ECBUser.h in Headers */ = {isa = PBXBuildFile; fileRef = FBBEE86E1BEA63E600C26D75 /* ECBUser.h */; };
		FBBEE8741BEA63E600C26D75 /* ECBUser.m in Sources */ = {isa = PBXBuildFile; fileRef = FBBEE86F1BEA63E600C26D75 /* ECBUser.m */; };
		FBBEE87B1BEA641600C26D75 /* ECBWebCallback.h in Headers */ = {isa = PBXBuildFile; fileRef = FBBEE8751BEA641600C26D75 /* ECBWebCallback.h */; };
		FBBEE87C1BEA641600C26D75 /* ECBWebCallback.m in Sources */ = {isa = PBXBuildFile; fileRef = FBBEE8761BEA641600C26D75 /* ECBWebCallback.m */; };
		FBBEE87D1BEA641600C26D75 /* ECBWebReponse.h in Headers */ = {isa = PBXBuildFile; fileRef = FBBEE8771BEA641600C26D75 /* ECBWebReponse.h */; };
		FBBEE87E1BEA641600C26D75 /* ECBWebReponse.m in Sources */ = {isa = PBXBuildFile; fileRef = FBBEE8781BEA641600C26D75 /* ECBWebReponse.m */; };
		FBBEE87F1BEA641600C26D75 /* ECBWebRequest.h in Headers */ = {isa = PBXBuildFile; fileRef = FBBEE8791BEA641600C26D75 /* ECBWebRequest.h */; };
		FBBEE8801BEA641600C26D75 /* ECBWebRequest.m in Sources */ = {isa = PBXBuildFile; fileRef = FBBEE87A1BEA641600C26D75 /* ECBWebRequest.m */; };
		FBBEE8881BEA84FA00C26D75 /* Localizable.strings in Resources */ = {isa = PBXBuildFile; fileRef = FBBEE88A1BEA84FA00C26D75 /* Localizable.strings */; };
		FBF4FC841BE426A000ECF415 /* ECBDevice.h in Headers */ = {isa = PBXBuildFile; fileRef = FBF4FC821BE426A000ECF415 /* ECBDevice.h */; };
		FBF4FC851BE426A000ECF415 /* ECBDevice.m in Sources */ = {isa = PBXBuildFile; fileRef = FBF4FC831BE426A000ECF415 /* ECBDevice.m */; };
/* End PBXBuildFile section */

/* Begin PBXContainerItemProxy section */
		FB01DECF1BE4070000E240E7 /* PBXContainerItemProxy */ = {
			isa = PBXContainerItemProxy;
			containerPortal = FB01DEBA1BE4070000E240E7 /* Project object */;
			proxyType = 1;
			remoteGlobalIDString = FB01DEC21BE4070000E240E7;
			remoteInfo = ECBToolkit;
		};
/* End PBXContainerItemProxy section */

/* Begin PBXFileReference section */
		4E21763144CCC77BE8BE9374 /* libPods.a */ = {isa = PBXFileReference; explicitFileType = archive.ar; includeInIndex = 0; path = libPods.a; sourceTree = BUILT_PRODUCTS_DIR; };
		6AD5C7441CB0EAC2F722C5A6 /* Pods.release.xcconfig */ = {isa = PBXFileReference; includeInIndex = 1; lastKnownFileType = text.xcconfig; name = Pods.release.xcconfig; path = "Pods/Target Support Files/Pods/Pods.release.xcconfig"; sourceTree = "<group>"; };
		85456BB0EE1D28B63C9C15BB /* Pods.debug.xcconfig */ = {isa = PBXFileReference; includeInIndex = 1; lastKnownFileType = text.xcconfig; name = Pods.debug.xcconfig; path = "Pods/Target Support Files/Pods/Pods.debug.xcconfig"; sourceTree = "<group>"; };
		FB01DEC31BE4070000E240E7 /* ECBToolkit.framework */ = {isa = PBXFileReference; explicitFileType = wrapper.framework; includeInIndex = 0; path = ECBToolkit.framework; sourceTree = BUILT_PRODUCTS_DIR; };
		FB01DEC61BE4070000E240E7 /* ECBToolkit.h */ = {isa = PBXFileReference; lastKnownFileType = sourcecode.c.h; path = ECBToolkit.h; sourceTree = "<group>"; };
		FB01DECD1BE4070000E240E7 /* ECBToolkitTests.xctest */ = {isa = PBXFileReference; explicitFileType = wrapper.cfbundle; includeInIndex = 0; path = ECBToolkitTests.xctest; sourceTree = BUILT_PRODUCTS_DIR; };
		FB01DED41BE4070000E240E7 /* Info.plist */ = {isa = PBXFileReference; lastKnownFileType = text.plist.xml; path = Info.plist; sourceTree = "<group>"; };
		FB01DEDD1BE407E800E240E7 /* ECBConstants.h */ = {isa = PBXFileReference; fileEncoding = 4; lastKnownFileType = sourcecode.c.h; path = ECBConstants.h; sourceTree = "<group>"; };
		FB01DEDE1BE407E800E240E7 /* ECBConstants.m */ = {isa = PBXFileReference; fileEncoding = 4; lastKnownFileType = sourcecode.c.objc; path = ECBConstants.m; sourceTree = "<group>"; };
		FB1CFC3E1BE55CC400792976 /* ECBLogger.h */ = {isa = PBXFileReference; fileEncoding = 4; lastKnownFileType = sourcecode.c.h; path = ECBLogger.h; sourceTree = "<group>"; };
		FB1CFC3F1BE55CC400792976 /* ECBLogger.m */ = {isa = PBXFileReference; fileEncoding = 4; lastKnownFileType = sourcecode.c.objc; path = ECBLogger.m; sourceTree = "<group>"; };
		FB1CFC421BE55CCD00792976 /* ECBLogging.h */ = {isa = PBXFileReference; lastKnownFileType = sourcecode.c.h; path = ECBLogging.h; sourceTree = "<group>"; };
		FB1CFC441BE5AB0900792976 /* ECBApplication.h */ = {isa = PBXFileReference; fileEncoding = 4; lastKnownFileType = sourcecode.c.h; path = ECBApplication.h; sourceTree = "<group>"; };
		FB1CFC451BE5AB0900792976 /* ECBApplication.m */ = {isa = PBXFileReference; fileEncoding = 4; lastKnownFileType = sourcecode.c.objc; path = ECBApplication.m; sourceTree = "<group>"; };
		FB1CFC4A1BE671DB00792976 /* ECBHTTPRequest.h */ = {isa = PBXFileReference; lastKnownFileType = sourcecode.c.h; path = ECBHTTPRequest.h; sourceTree = "<group>"; };
		FB1CFC4B1BE6740E00792976 /* ECBAssert.h */ = {isa = PBXFileReference; fileEncoding = 4; lastKnownFileType = sourcecode.c.h; path = ECBAssert.h; sourceTree = "<group>"; };
		FB1CFC4D1BE6787A00792976 /* ECBHTTPURLRequestConstructor.h */ = {isa = PBXFileReference; fileEncoding = 4; lastKnownFileType = sourcecode.c.h; path = ECBHTTPURLRequestConstructor.h; sourceTree = "<group>"; };
		FB1CFC4E1BE6787A00792976 /* ECBHTTPURLRequestConstructor.m */ = {isa = PBXFileReference; fileEncoding = 4; lastKnownFileType = sourcecode.c.objc; path = ECBHTTPURLRequestConstructor.m; sourceTree = "<group>"; };
		FB1CFC541BE67F2C00792976 /* ECBToolKit-iOS.plist */ = {isa = PBXFileReference; fileEncoding = 4; lastKnownFileType = text.plist.xml; path = "ECBToolKit-iOS.plist"; sourceTree = "<group>"; };
		FB1CFC561BE67FAD00792976 /* ECBSession.h */ = {isa = PBXFileReference; fileEncoding = 4; lastKnownFileType = sourcecode.c.h; path = ECBSession.h; sourceTree = "<group>"; };
		FB1CFC571BE67FAD00792976 /* ECBSession.m */ = {isa = PBXFileReference; fileEncoding = 4; lastKnownFileType = sourcecode.c.objc; path = ECBSession.m; sourceTree = "<group>"; };
		FB1CFC5F1BE69D5200792976 /* ECBUtils.h */ = {isa = PBXFileReference; fileEncoding = 4; lastKnownFileType = sourcecode.c.h; path = ECBUtils.h; sourceTree = "<group>"; };
		FB1CFC601BE69D5200792976 /* ECBUtils.m */ = {isa = PBXFileReference; fileEncoding = 4; lastKnownFileType = sourcecode.c.objc; path = ECBUtils.m; sourceTree = "<group>"; };
		FB1CFC691BE6FD3D00792976 /* ECBWebClient.h */ = {isa = PBXFileReference; fileEncoding = 4; lastKnownFileType = sourcecode.c.h; path = ECBWebClient.h; sourceTree = "<group>"; };
		FB1CFC6A1BE6FD3D00792976 /* ECBWebClient.m */ = {isa = PBXFileReference; fileEncoding = 4; lastKnownFileType = sourcecode.c.objc; path = ECBWebClient.m; sourceTree = "<group>"; };
		FB2BC5C51BE411CF00F3BD6B /* ECBMacros.h */ = {isa = PBXFileReference; lastKnownFileType = sourcecode.c.h; path = ECBMacros.h; sourceTree = "<group>"; };
		FBBEE8621BEA63C500C26D75 /* ECBTestCase.h */ = {isa = PBXFileReference; fileEncoding = 4; lastKnownFileType = sourcecode.c.h; path = ECBTestCase.h; sourceTree = "<group>"; };
		FBBEE8631BEA63C500C26D75 /* ECBTestCase.m */ = {isa = PBXFileReference; fileEncoding = 4; lastKnownFileType = sourcecode.c.objc; path = ECBTestCase.m; sourceTree = "<group>"; };
		FBBEE8651BEA63C500C26D75 /* ECBUserTests.m */ = {isa = PBXFileReference; fileEncoding = 4; lastKnownFileType = sourcecode.c.objc; path = ECBUserTests.m; sourceTree = "<group>"; };
		FBBEE8661BEA63C500C26D75 /* ECBWebClientTests.m */ = {isa = PBXFileReference; fileEncoding = 4; lastKnownFileType = sourcecode.c.objc; path = ECBWebClientTests.m; sourceTree = "<group>"; };
		FBBEE86B1BEA63E600C26D75 /* ECBObject.h */ = {isa = PBXFileReference; fileEncoding = 4; lastKnownFileType = sourcecode.c.h; path = ECBObject.h; sourceTree = "<group>"; };
		FBBEE86C1BEA63E600C26D75 /* ECBObject.m */ = {isa = PBXFileReference; fileEncoding = 4; lastKnownFileType = sourcecode.c.objc; path = ECBObject.m; sourceTree = "<group>"; };
		FBBEE86D1BEA63E600C26D75 /* ECBObjectProtocol.h */ = {isa = PBXFileReference; fileEncoding = 4; lastKnownFileType = sourcecode.c.h; path = ECBObjectProtocol.h; sourceTree = "<group>"; };
		FBBEE86E1BEA63E600C26D75 /* ECBUser.h */ = {isa = PBXFileReference; fileEncoding = 4; lastKnownFileType = sourcecode.c.h; path = ECBUser.h; sourceTree = "<group>"; };
		FBBEE86F1BEA63E600C26D75 /* ECBUser.m */ = {isa = PBXFileReference; fileEncoding = 4; lastKnownFileType = sourcecode.c.objc; path = ECBUser.m; sourceTree = "<group>"; };
		FBBEE8751BEA641600C26D75 /* ECBWebCallback.h */ = {isa = PBXFileReference; fileEncoding = 4; lastKnownFileType = sourcecode.c.h; path = ECBWebCallback.h; sourceTree = "<group>"; };
		FBBEE8761BEA641600C26D75 /* ECBWebCallback.m */ = {isa = PBXFileReference; fileEncoding = 4; lastKnownFileType = sourcecode.c.objc; path = ECBWebCallback.m; sourceTree = "<group>"; };
		FBBEE8771BEA641600C26D75 /* ECBWebReponse.h */ = {isa = PBXFileReference; fileEncoding = 4; lastKnownFileType = sourcecode.c.h; path = ECBWebReponse.h; sourceTree = "<group>"; };
		FBBEE8781BEA641600C26D75 /* ECBWebReponse.m */ = {isa = PBXFileReference; fileEncoding = 4; lastKnownFileType = sourcecode.c.objc; path = ECBWebReponse.m; sourceTree = "<group>"; };
		FBBEE8791BEA641600C26D75 /* ECBWebRequest.h */ = {isa = PBXFileReference; fileEncoding = 4; lastKnownFileType = sourcecode.c.h; path = ECBWebRequest.h; sourceTree = "<group>"; };
		FBBEE87A1BEA641600C26D75 /* ECBWebRequest.m */ = {isa = PBXFileReference; fileEncoding = 4; lastKnownFileType = sourcecode.c.objc; path = ECBWebRequest.m; sourceTree = "<group>"; };
		FBBEE8891BEA84FA00C26D75 /* en */ = {isa = PBXFileReference; lastKnownFileType = text.plist.strings; name = en; path = en.lproj/Localizable.strings; sourceTree = "<group>"; };
		FBBEE88B1BEA854600C26D75 /* vi */ = {isa = PBXFileReference; lastKnownFileType = text.plist.strings; name = vi; path = vi.lproj/Localizable.strings; sourceTree = "<group>"; };
		FBF4FC821BE426A000ECF415 /* ECBDevice.h */ = {isa = PBXFileReference; fileEncoding = 4; lastKnownFileType = sourcecode.c.h; path = ECBDevice.h; sourceTree = "<group>"; };
		FBF4FC831BE426A000ECF415 /* ECBDevice.m */ = {isa = PBXFileReference; fileEncoding = 4; lastKnownFileType = sourcecode.c.objc; path = ECBDevice.m; sourceTree = "<group>"; };
/* End PBXFileReference section */

/* Begin PBXFrameworksBuildPhase section */
		FB01DEBF1BE4070000E240E7 /* Frameworks */ = {
			isa = PBXFrameworksBuildPhase;
			buildActionMask = 2147483647;
			files = (
				51BCF22C7F66F152C75886FC /* libPods.a in Frameworks */,
			);
			runOnlyForDeploymentPostprocessing = 0;
		};
		FB01DECA1BE4070000E240E7 /* Frameworks */ = {
			isa = PBXFrameworksBuildPhase;
			buildActionMask = 2147483647;
			files = (
				FB01DECE1BE4070000E240E7 /* ECBToolkit.framework in Frameworks */,
				4B6D13C3B342BDE17A2DD4FA /* libPods.a in Frameworks */,
			);
			runOnlyForDeploymentPostprocessing = 0;
		};
/* End PBXFrameworksBuildPhase section */

/* Begin PBXGroup section */
		3919902CEEF7043F76D55440 /* Pods */ = {
			isa = PBXGroup;
			children = (
				85456BB0EE1D28B63C9C15BB /* Pods.debug.xcconfig */,
				6AD5C7441CB0EAC2F722C5A6 /* Pods.release.xcconfig */,
			);
			name = Pods;
			sourceTree = "<group>";
		};
		9A4BEEBFD83B606E3C62B72C /* Frameworks */ = {
			isa = PBXGroup;
			children = (
				4E21763144CCC77BE8BE9374 /* libPods.a */,
			);
			name = Frameworks;
			sourceTree = "<group>";
		};
		FB01DEB91BE4070000E240E7 = {
			isa = PBXGroup;
			children = (
				FB01DEC51BE4070000E240E7 /* ECBToolkit */,
				FB01DED11BE4070000E240E7 /* ECBToolkitTests */,
				FB01DEC41BE4070000E240E7 /* Products */,
				3919902CEEF7043F76D55440 /* Pods */,
				9A4BEEBFD83B606E3C62B72C /* Frameworks */,
			);
			sourceTree = "<group>";
		};
		FB01DEC41BE4070000E240E7 /* Products */ = {
			isa = PBXGroup;
			children = (
				FB01DEC31BE4070000E240E7 /* ECBToolkit.framework */,
				FB01DECD1BE4070000E240E7 /* ECBToolkitTests.xctest */,
			);
			name = Products;
			sourceTree = "<group>";
		};
		FB01DEC51BE4070000E240E7 /* ECBToolkit */ = {
			isa = PBXGroup;
			children = (
				FB1CFC511BE67EDE00792976 /* Resources */,
				FB2BC5C41BE4112800F3BD6B /* Internal */,
				FB01DEC61BE4070000E240E7 /* ECBToolkit.h */,
				FB01DEDD1BE407E800E240E7 /* ECBConstants.h */,
				FB01DEDE1BE407E800E240E7 /* ECBConstants.m */,
				FB1CFC561BE67FAD00792976 /* ECBSession.h */,
				FB1CFC571BE67FAD00792976 /* ECBSession.m */,
			);
			path = ECBToolkit;
			sourceTree = "<group>";
		};
		FB01DED11BE4070000E240E7 /* ECBToolkitTests */ = {
			isa = PBXGroup;
			children = (
				FBBEE8601BEA63C500C26D75 /* Other */,
				FBBEE8641BEA63C500C26D75 /* Unit */,
				FB01DED41BE4070000E240E7 /* Info.plist */,
			);
			path = ECBToolkitTests;
			sourceTree = "<group>";
		};
		FB1CFC3D1BE55CB800792976 /* Logger */ = {
			isa = PBXGroup;
			children = (
				FB1CFC3E1BE55CC400792976 /* ECBLogger.h */,
				FB1CFC3F1BE55CC400792976 /* ECBLogger.m */,
				FB1CFC421BE55CCD00792976 /* ECBLogging.h */,
			);
			path = Logger;
			sourceTree = "<group>";
		};
		FB1CFC481BE6710F00792976 /* HTTPRequest */ = {
			isa = PBXGroup;
			children = (
				FBBEE80D1BE80FD100C26D75 /* Model */,
				FB1CFC681BE6FD3600792976 /* WebClient */,
				FB1CFC491BE671C800792976 /* RequestConstructor */,
			);
			path = HTTPRequest;
			sourceTree = "<group>";
		};
		FB1CFC491BE671C800792976 /* RequestConstructor */ = {
			isa = PBXGroup;
			children = (
				FB1CFC4A1BE671DB00792976 /* ECBHTTPRequest.h */,
				FB1CFC4D1BE6787A00792976 /* ECBHTTPURLRequestConstructor.h */,
				FB1CFC4E1BE6787A00792976 /* ECBHTTPURLRequestConstructor.m */,
			);
			path = RequestConstructor;
			sourceTree = "<group>";
		};
		FB1CFC511BE67EDE00792976 /* Resources */ = {
			isa = PBXGroup;
			children = (
				FB1CFC541BE67F2C00792976 /* ECBToolKit-iOS.plist */,
				FBBEE88A1BEA84FA00C26D75 /* Localizable.strings */,
			);
			path = Resources;
			sourceTree = "<group>";
		};
		FB1CFC5A1BE69D2B00792976 /* Utils */ = {
			isa = PBXGroup;
			children = (
				FB1CFC5F1BE69D5200792976 /* ECBUtils.h */,
				FB1CFC601BE69D5200792976 /* ECBUtils.m */,
			);
			path = Utils;
			sourceTree = "<group>";
		};
		FB1CFC681BE6FD3600792976 /* WebClient */ = {
			isa = PBXGroup;
			children = (
				FB1CFC691BE6FD3D00792976 /* ECBWebClient.h */,
				FB1CFC6A1BE6FD3D00792976 /* ECBWebClient.m */,
			);
			path = WebClient;
			sourceTree = "<group>";
		};
		FB2BC5C41BE4112800F3BD6B /* Internal */ = {
			isa = PBXGroup;
			children = (
				FBBEE86A1BEA63E600C26D75 /* Model */,
				FB1CFC5A1BE69D2B00792976 /* Utils */,
				FB1CFC481BE6710F00792976 /* HTTPRequest */,
				FB1CFC3D1BE55CB800792976 /* Logger */,
				FB2BC5C51BE411CF00F3BD6B /* ECBMacros.h */,
				FBF4FC821BE426A000ECF415 /* ECBDevice.h */,
				FBF4FC831BE426A000ECF415 /* ECBDevice.m */,
				FB1CFC441BE5AB0900792976 /* ECBApplication.h */,
				FB1CFC451BE5AB0900792976 /* ECBApplication.m */,
				FB1CFC4B1BE6740E00792976 /* ECBAssert.h */,
			);
			path = Internal;
			sourceTree = "<group>";
		};
		FBBEE80D1BE80FD100C26D75 /* Model */ = {
			isa = PBXGroup;
			children = (
				FBBEE8751BEA641600C26D75 /* ECBWebCallback.h */,
				FBBEE8761BEA641600C26D75 /* ECBWebCallback.m */,
				FBBEE8771BEA641600C26D75 /* ECBWebReponse.h */,
				FBBEE8781BEA641600C26D75 /* ECBWebReponse.m */,
				FBBEE8791BEA641600C26D75 /* ECBWebRequest.h */,
				FBBEE87A1BEA641600C26D75 /* ECBWebRequest.m */,
			);
			path = Model;
			sourceTree = "<group>";
		};
		FBBEE8601BEA63C500C26D75 /* Other */ = {
			isa = PBXGroup;
			children = (
				FBBEE8611BEA63C500C26D75 /* TestCase */,
			);
			path = Other;
			sourceTree = "<group>";
		};
		FBBEE8611BEA63C500C26D75 /* TestCase */ = {
			isa = PBXGroup;
			children = (
				FBBEE8621BEA63C500C26D75 /* ECBTestCase.h */,
				FBBEE8631BEA63C500C26D75 /* ECBTestCase.m */,
			);
			path = TestCase;
			sourceTree = "<group>";
		};
		FBBEE8641BEA63C500C26D75 /* Unit */ = {
			isa = PBXGroup;
			children = (
				FBBEE8651BEA63C500C26D75 /* ECBUserTests.m */,
				FBBEE8661BEA63C500C26D75 /* ECBWebClientTests.m */,
			);
			path = Unit;
			sourceTree = "<group>";
		};
		FBBEE86A1BEA63E600C26D75 /* Model */ = {
			isa = PBXGroup;
			children = (
				FBBEE86B1BEA63E600C26D75 /* ECBObject.h */,
				FBBEE86C1BEA63E600C26D75 /* ECBObject.m */,
				FBBEE86D1BEA63E600C26D75 /* ECBObjectProtocol.h */,
				FBBEE86E1BEA63E600C26D75 /* ECBUser.h */,
				FBBEE86F1BEA63E600C26D75 /* ECBUser.m */,
			);
			path = Model;
			sourceTree = "<group>";
		};
/* End PBXGroup section */

/* Begin PBXHeadersBuildPhase section */
		FB01DEC01BE4070000E240E7 /* Headers */ = {
			isa = PBXHeadersBuildPhase;
			buildActionMask = 2147483647;
			files = (
				FB1CFC581BE67FAD00792976 /* ECBSession.h in Headers */,
				FB01DEC71BE4070000E240E7 /* ECBToolkit.h in Headers */,
				FB1CFC4C1BE6740E00792976 /* ECBAssert.h in Headers */,
				FBBEE87D1BEA641600C26D75 /* ECBWebReponse.h in Headers */,
				FB1CFC6B1BE6FD3D00792976 /* ECBWebClient.h in Headers */,
				FBF4FC841BE426A000ECF415 /* ECBDevice.h in Headers */,
				FBBEE87F1BEA641600C26D75 /* ECBWebRequest.h in Headers */,
				FB1CFC461BE5AB0900792976 /* ECBApplication.h in Headers */,
				FBBEE8731BEA63E600C26D75 /* ECBUser.h in Headers */,
				FBBEE8721BEA63E600C26D75 /* ECBObjectProtocol.h in Headers */,
				FBBEE8701BEA63E600C26D75 /* ECBObject.h in Headers */,
				FB01DEDF1BE407E800E240E7 /* ECBConstants.h in Headers */,
				FB1CFC4F1BE6787A00792976 /* ECBHTTPURLRequestConstructor.h in Headers */,
				FBBEE87B1BEA641600C26D75 /* ECBWebCallback.h in Headers */,
				FB1CFC611BE69D5200792976 /* ECBUtils.h in Headers */,
				FB1CFC401BE55CC400792976 /* ECBLogger.h in Headers */,
			);
			runOnlyForDeploymentPostprocessing = 0;
		};
/* End PBXHeadersBuildPhase section */

/* Begin PBXNativeTarget section */
		FB01DEC21BE4070000E240E7 /* ECBToolkit */ = {
			isa = PBXNativeTarget;
			buildConfigurationList = FB01DED71BE4070000E240E7 /* Build configuration list for PBXNativeTarget "ECBToolkit" */;
			buildPhases = (
				B5BEC353D5F411BC77CB4647 /* Check Pods Manifest.lock */,
				FB01DEBE1BE4070000E240E7 /* Sources */,
				FB01DEBF1BE4070000E240E7 /* Frameworks */,
				FB01DEC01BE4070000E240E7 /* Headers */,
				FB01DEC11BE4070000E240E7 /* Resources */,
				2C798BC6886E03831F99C497 /* Copy Pods Resources */,
			);
			buildRules = (
			);
			dependencies = (
			);
			name = ECBToolkit;
			productName = ECBToolkit;
			productReference = FB01DEC31BE4070000E240E7 /* ECBToolkit.framework */;
			productType = "com.apple.product-type.framework";
		};
		FB01DECC1BE4070000E240E7 /* ECBToolkitTests */ = {
			isa = PBXNativeTarget;
			buildConfigurationList = FB01DEDA1BE4070000E240E7 /* Build configuration list for PBXNativeTarget "ECBToolkitTests" */;
			buildPhases = (
				46072C91A14136DCCF36114E /* Check Pods Manifest.lock */,
				FB01DEC91BE4070000E240E7 /* Sources */,
				FB01DECA1BE4070000E240E7 /* Frameworks */,
				FB01DECB1BE4070000E240E7 /* Resources */,
				C93394694005D98093FD3EC1 /* Embed Pods Frameworks */,
				38B6AE7517530DC09B866E16 /* Copy Pods Resources */,
			);
			buildRules = (
			);
			dependencies = (
				FB01DED01BE4070000E240E7 /* PBXTargetDependency */,
			);
			name = ECBToolkitTests;
			productName = ECBToolkitTests;
			productReference = FB01DECD1BE4070000E240E7 /* ECBToolkitTests.xctest */;
			productType = "com.apple.product-type.bundle.unit-test";
		};
/* End PBXNativeTarget section */

/* Begin PBXProject section */
		FB01DEBA1BE4070000E240E7 /* Project object */ = {
			isa = PBXProject;
			attributes = {
				LastUpgradeCheck = 0710;
				ORGANIZATIONNAME = "ECOMBID, INC.";
				TargetAttributes = {
					FB01DEC21BE4070000E240E7 = {
						CreatedOnToolsVersion = 7.1;
					};
					FB01DECC1BE4070000E240E7 = {
						CreatedOnToolsVersion = 7.1;
					};
				};
			};
			buildConfigurationList = FB01DEBD1BE4070000E240E7 /* Build configuration list for PBXProject "ECBToolkit" */;
			compatibilityVersion = "Xcode 3.2";
			developmentRegion = English;
			hasScannedForEncodings = 0;
			knownRegions = (
				en,
				vi,
			);
			mainGroup = FB01DEB91BE4070000E240E7;
			productRefGroup = FB01DEC41BE4070000E240E7 /* Products */;
			projectDirPath = "";
			projectRoot = "";
			targets = (
				FB01DEC21BE4070000E240E7 /* ECBToolkit */,
				FB01DECC1BE4070000E240E7 /* ECBToolkitTests */,
			);
		};
/* End PBXProject section */

/* Begin PBXResourcesBuildPhase section */
		FB01DEC11BE4070000E240E7 /* Resources */ = {
			isa = PBXResourcesBuildPhase;
			buildActionMask = 2147483647;
			files = (
				FBBEE8881BEA84FA00C26D75 /* Localizable.strings in Resources */,
			);
			runOnlyForDeploymentPostprocessing = 0;
		};
		FB01DECB1BE4070000E240E7 /* Resources */ = {
			isa = PBXResourcesBuildPhase;
			buildActionMask = 2147483647;
			files = (
			);
			runOnlyForDeploymentPostprocessing = 0;
		};
/* End PBXResourcesBuildPhase section */

/* Begin PBXShellScriptBuildPhase section */
		2C798BC6886E03831F99C497 /* Copy Pods Resources */ = {
			isa = PBXShellScriptBuildPhase;
			buildActionMask = 2147483647;
			files = (
			);
			inputPaths = (
			);
			name = "Copy Pods Resources";
			outputPaths = (
			);
			runOnlyForDeploymentPostprocessing = 0;
			shellPath = /bin/sh;
			shellScript = "\"${SRCROOT}/Pods/Target Support Files/Pods/Pods-resources.sh\"\n";
			showEnvVarsInLog = 0;
		};
		38B6AE7517530DC09B866E16 /* Copy Pods Resources */ = {
			isa = PBXShellScriptBuildPhase;
			buildActionMask = 2147483647;
			files = (
			);
			inputPaths = (
			);
			name = "Copy Pods Resources";
			outputPaths = (
			);
			runOnlyForDeploymentPostprocessing = 0;
			shellPath = /bin/sh;
			shellScript = "\"${SRCROOT}/Pods/Target Support Files/Pods/Pods-resources.sh\"\n";
			showEnvVarsInLog = 0;
		};
		46072C91A14136DCCF36114E /* Check Pods Manifest.lock */ = {
			isa = PBXShellScriptBuildPhase;
			buildActionMask = 2147483647;
			files = (
			);
			inputPaths = (
			);
			name = "Check Pods Manifest.lock";
			outputPaths = (
			);
			runOnlyForDeploymentPostprocessing = 0;
			shellPath = /bin/sh;
			shellScript = "diff \"${PODS_ROOT}/../Podfile.lock\" \"${PODS_ROOT}/Manifest.lock\" > /dev/null\nif [[ $? != 0 ]] ; then\n    cat << EOM\nerror: The sandbox is not in sync with the Podfile.lock. Run 'pod install' or update your CocoaPods installation.\nEOM\n    exit 1\nfi\n";
			showEnvVarsInLog = 0;
		};
		B5BEC353D5F411BC77CB4647 /* Check Pods Manifest.lock */ = {
			isa = PBXShellScriptBuildPhase;
			buildActionMask = 2147483647;
			files = (
			);
			inputPaths = (
			);
			name = "Check Pods Manifest.lock";
			outputPaths = (
			);
			runOnlyForDeploymentPostprocessing = 0;
			shellPath = /bin/sh;
			shellScript = "diff \"${PODS_ROOT}/../Podfile.lock\" \"${PODS_ROOT}/Manifest.lock\" > /dev/null\nif [[ $? != 0 ]] ; then\n    cat << EOM\nerror: The sandbox is not in sync with the Podfile.lock. Run 'pod install' or update your CocoaPods installation.\nEOM\n    exit 1\nfi\n";
			showEnvVarsInLog = 0;
		};
		C93394694005D98093FD3EC1 /* Embed Pods Frameworks */ = {
			isa = PBXShellScriptBuildPhase;
			buildActionMask = 2147483647;
			files = (
			);
			inputPaths = (
			);
			name = "Embed Pods Frameworks";
			outputPaths = (
			);
			runOnlyForDeploymentPostprocessing = 0;
			shellPath = /bin/sh;
			shellScript = "\"${SRCROOT}/Pods/Target Support Files/Pods/Pods-frameworks.sh\"\n";
			showEnvVarsInLog = 0;
		};
/* End PBXShellScriptBuildPhase section */

/* Begin PBXSourcesBuildPhase section */
		FB01DEBE1BE4070000E240E7 /* Sources */ = {
			isa = PBXSourcesBuildPhase;
			buildActionMask = 2147483647;
			files = (
				FB1CFC6C1BE6FD3D00792976 /* ECBWebClient.m in Sources */,
				FB1CFC411BE55CC400792976 /* ECBLogger.m in Sources */,
				FB1CFC621BE69D5200792976 /* ECBUtils.m in Sources */,
				FBBEE8741BEA63E600C26D75 /* ECBUser.m in Sources */,
				FBBEE8711BEA63E600C26D75 /* ECBObject.m in Sources */,
				FB1CFC501BE6787A00792976 /* ECBHTTPURLRequestConstructor.m in Sources */,
				FBBEE87E1BEA641600C26D75 /* ECBWebReponse.m in Sources */,
				FB1CFC471BE5AB0900792976 /* ECBApplication.m in Sources */,
				FBBEE87C1BEA641600C26D75 /* ECBWebCallback.m in Sources */,
				FBF4FC851BE426A000ECF415 /* ECBDevice.m in Sources */,
				FB01DEE01BE407E800E240E7 /* ECBConstants.m in Sources */,
				FBBEE8801BEA641600C26D75 /* ECBWebRequest.m in Sources */,
				FB1CFC591BE67FAD00792976 /* ECBSession.m in Sources */,
			);
			runOnlyForDeploymentPostprocessing = 0;
		};
		FB01DEC91BE4070000E240E7 /* Sources */ = {
			isa = PBXSourcesBuildPhase;
			buildActionMask = 2147483647;
			files = (
				FBBEE8691BEA63C500C26D75 /* ECBWebClientTests.m in Sources */,
				FBBEE8681BEA63C500C26D75 /* ECBUserTests.m in Sources */,
				FBBEE8671BEA63C500C26D75 /* ECBTestCase.m in Sources */,
			);
			runOnlyForDeploymentPostprocessing = 0;
		};
/* End PBXSourcesBuildPhase section */

/* Begin PBXTargetDependency section */
		FB01DED01BE4070000E240E7 /* PBXTargetDependency */ = {
			isa = PBXTargetDependency;
			target = FB01DEC21BE4070000E240E7 /* ECBToolkit */;
			targetProxy = FB01DECF1BE4070000E240E7 /* PBXContainerItemProxy */;
		};
/* End PBXTargetDependency section */

/* Begin PBXVariantGroup section */
		FBBEE88A1BEA84FA00C26D75 /* Localizable.strings */ = {
			isa = PBXVariantGroup;
			children = (
				FBBEE8891BEA84FA00C26D75 /* en */,
				FBBEE88B1BEA854600C26D75 /* vi */,
			);
			name = Localizable.strings;
			sourceTree = "<group>";
		};
/* End PBXVariantGroup section */

/* Begin XCBuildConfiguration section */
		FB01DED51BE4070000E240E7 /* Debug */ = {
			isa = XCBuildConfiguration;
			buildSettings = {
				ALWAYS_SEARCH_USER_PATHS = NO;
				CLANG_CXX_LANGUAGE_STANDARD = "gnu++0x";
				CLANG_CXX_LIBRARY = "libc++";
				CLANG_ENABLE_MODULES = YES;
				CLANG_ENABLE_OBJC_ARC = YES;
				CLANG_WARN_BOOL_CONVERSION = YES;
				CLANG_WARN_CONSTANT_CONVERSION = YES;
				CLANG_WARN_DIRECT_OBJC_ISA_USAGE = YES_ERROR;
				CLANG_WARN_EMPTY_BODY = YES;
				CLANG_WARN_ENUM_CONVERSION = YES;
				CLANG_WARN_INT_CONVERSION = YES;
				CLANG_WARN_OBJC_ROOT_CLASS = YES_ERROR;
				CLANG_WARN_UNREACHABLE_CODE = YES;
				CLANG_WARN__DUPLICATE_METHOD_MATCH = YES;
				"CODE_SIGN_IDENTITY[sdk=iphoneos*]" = "iPhone Developer";
				COPY_PHASE_STRIP = NO;
				CURRENT_PROJECT_VERSION = 1;
				DEBUG_INFORMATION_FORMAT = dwarf;
				ENABLE_STRICT_OBJC_MSGSEND = YES;
				ENABLE_TESTABILITY = YES;
				GCC_C_LANGUAGE_STANDARD = gnu99;
				GCC_DYNAMIC_NO_PIC = NO;
				GCC_NO_COMMON_BLOCKS = YES;
				GCC_OPTIMIZATION_LEVEL = 0;
				GCC_PREPROCESSOR_DEFINITIONS = (
					"DEBUG=1",
					"$(inherited)",
				);
				GCC_WARN_64_TO_32_BIT_CONVERSION = YES;
				GCC_WARN_ABOUT_RETURN_TYPE = YES_ERROR;
				GCC_WARN_UNDECLARED_SELECTOR = YES;
				GCC_WARN_UNINITIALIZED_AUTOS = YES_AGGRESSIVE;
				GCC_WARN_UNUSED_FUNCTION = YES;
				GCC_WARN_UNUSED_VARIABLE = YES;
				IPHONEOS_DEPLOYMENT_TARGET = 9.1;
				MTL_ENABLE_DEBUG_INFO = YES;
				ONLY_ACTIVE_ARCH = YES;
				SDKROOT = iphoneos;
				TARGETED_DEVICE_FAMILY = "1,2";
				VERSIONING_SYSTEM = "apple-generic";
				VERSION_INFO_PREFIX = "";
			};
			name = Debug;
		};
		FB01DED61BE4070000E240E7 /* Release */ = {
			isa = XCBuildConfiguration;
			buildSettings = {
				ALWAYS_SEARCH_USER_PATHS = NO;
				CLANG_CXX_LANGUAGE_STANDARD = "gnu++0x";
				CLANG_CXX_LIBRARY = "libc++";
				CLANG_ENABLE_MODULES = YES;
				CLANG_ENABLE_OBJC_ARC = YES;
				CLANG_WARN_BOOL_CONVERSION = YES;
				CLANG_WARN_CONSTANT_CONVERSION = YES;
				CLANG_WARN_DIRECT_OBJC_ISA_USAGE = YES_ERROR;
				CLANG_WARN_EMPTY_BODY = YES;
				CLANG_WARN_ENUM_CONVERSION = YES;
				CLANG_WARN_INT_CONVERSION = YES;
				CLANG_WARN_OBJC_ROOT_CLASS = YES_ERROR;
				CLANG_WARN_UNREACHABLE_CODE = YES;
				CLANG_WARN__DUPLICATE_METHOD_MATCH = YES;
				"CODE_SIGN_IDENTITY[sdk=iphoneos*]" = "iPhone Developer";
				COPY_PHASE_STRIP = NO;
				CURRENT_PROJECT_VERSION = 1;
				DEBUG_INFORMATION_FORMAT = "dwarf-with-dsym";
				ENABLE_NS_ASSERTIONS = NO;
				ENABLE_STRICT_OBJC_MSGSEND = YES;
				GCC_C_LANGUAGE_STANDARD = gnu99;
				GCC_NO_COMMON_BLOCKS = YES;
				GCC_WARN_64_TO_32_BIT_CONVERSION = YES;
				GCC_WARN_ABOUT_RETURN_TYPE = YES_ERROR;
				GCC_WARN_UNDECLARED_SELECTOR = YES;
				GCC_WARN_UNINITIALIZED_AUTOS = YES_AGGRESSIVE;
				GCC_WARN_UNUSED_FUNCTION = YES;
				GCC_WARN_UNUSED_VARIABLE = YES;
				IPHONEOS_DEPLOYMENT_TARGET = 9.1;
				MTL_ENABLE_DEBUG_INFO = NO;
				SDKROOT = iphoneos;
				TARGETED_DEVICE_FAMILY = "1,2";
				VALIDATE_PRODUCT = YES;
				VERSIONING_SYSTEM = "apple-generic";
				VERSION_INFO_PREFIX = "";
			};
			name = Release;
		};
		FB01DED81BE4070000E240E7 /* Debug */ = {
			isa = XCBuildConfiguration;
			baseConfigurationReference = 85456BB0EE1D28B63C9C15BB /* Pods.debug.xcconfig */;
			buildSettings = {
				DEFINES_MODULE = YES;
				DYLIB_COMPATIBILITY_VERSION = 1;
				DYLIB_CURRENT_VERSION = 1;
				DYLIB_INSTALL_NAME_BASE = "@rpath";
				INFOPLIST_FILE = "$(SRCROOT)/ECBToolkit/Resources/ECBToolKit-iOS.plist";
				INSTALL_PATH = "$(LOCAL_LIBRARY_DIR)/Frameworks";
				IPHONEOS_DEPLOYMENT_TARGET = 8.0;
				LD_RUNPATH_SEARCH_PATHS = "$(inherited) @executable_path/Frameworks @loader_path/Frameworks";
				PRODUCT_BUNDLE_IDENTIFIER = com.ecombid.ECBToolkit;
				PRODUCT_NAME = "$(TARGET_NAME)";
				SKIP_INSTALL = YES;
			};
			name = Debug;
		};
		FB01DED91BE4070000E240E7 /* Release */ = {
			isa = XCBuildConfiguration;
			baseConfigurationReference = 6AD5C7441CB0EAC2F722C5A6 /* Pods.release.xcconfig */;
			buildSettings = {
				DEFINES_MODULE = YES;
				DYLIB_COMPATIBILITY_VERSION = 1;
				DYLIB_CURRENT_VERSION = 1;
				DYLIB_INSTALL_NAME_BASE = "@rpath";
				INFOPLIST_FILE = "$(SRCROOT)/ECBToolkit/Resources/ECBToolKit-iOS.plist";
				INSTALL_PATH = "$(LOCAL_LIBRARY_DIR)/Frameworks";
				IPHONEOS_DEPLOYMENT_TARGET = 8.0;
				LD_RUNPATH_SEARCH_PATHS = "$(inherited) @executable_path/Frameworks @loader_path/Frameworks";
				PRODUCT_BUNDLE_IDENTIFIER = com.ecombid.ECBToolkit;
				PRODUCT_NAME = "$(TARGET_NAME)";
				SKIP_INSTALL = YES;
			};
			name = Release;
		};
		FB01DEDB1BE4070000E240E7 /* Debug */ = {
			isa = XCBuildConfiguration;
			baseConfigurationReference = 85456BB0EE1D28B63C9C15BB /* Pods.debug.xcconfig */;
			buildSettings = {
				INFOPLIST_FILE = ECBToolkitTests/Info.plist;
				LD_RUNPATH_SEARCH_PATHS = "$(inherited) @executable_path/Frameworks @loader_path/Frameworks";
				PRODUCT_BUNDLE_IDENTIFIER = com.ecombid.ECBToolkitTests;
				PRODUCT_NAME = "$(TARGET_NAME)";
			};
			name = Debug;
		};
		FB01DEDC1BE4070000E240E7 /* Release */ = {
			isa = XCBuildConfiguration;
			baseConfigurationReference = 6AD5C7441CB0EAC2F722C5A6 /* Pods.release.xcconfig */;
			buildSettings = {
				INFOPLIST_FILE = ECBToolkitTests/Info.plist;
				LD_RUNPATH_SEARCH_PATHS = "$(inherited) @executable_path/Frameworks @loader_path/Frameworks";
				PRODUCT_BUNDLE_IDENTIFIER = com.ecombid.ECBToolkitTests;
				PRODUCT_NAME = "$(TARGET_NAME)";
			};
			name = Release;
		};
/* End XCBuildConfiguration section */

/* Begin XCConfigurationList section */
		FB01DEBD1BE4070000E240E7 /* Build configuration list for PBXProject "ECBToolkit" */ = {
			isa = XCConfigurationList;
			buildConfigurations = (
				FB01DED51BE4070000E240E7 /* Debug */,
				FB01DED61BE4070000E240E7 /* Release */,
			);
			defaultConfigurationIsVisible = 0;
			defaultConfigurationName = Release;
		};
		FB01DED71BE4070000E240E7 /* Build configuration list for PBXNativeTarget "ECBToolkit" */ = {
			isa = XCConfigurationList;
			buildConfigurations = (
				FB01DED81BE4070000E240E7 /* Debug */,
				FB01DED91BE4070000E240E7 /* Release */,
			);
			defaultConfigurationIsVisible = 0;
			defaultConfigurationName = Release;
		};
		FB01DEDA1BE4070000E240E7 /* Build configuration list for PBXNativeTarget "ECBToolkitTests" */ = {
			isa = XCConfigurationList;
			buildConfigurations = (
				FB01DEDB1BE4070000E240E7 /* Debug */,
				FB01DEDC1BE4070000E240E7 /* Release */,
			);
			defaultConfigurationIsVisible = 0;
			defaultConfigurationName = Release;
		};
/* End XCConfigurationList section */
	};
	rootObject = FB01DEBA1BE4070000E240E7 /* Project object */;
}
